{
    "requires": true,
    "lockfileVersion": 1,
    "dependencies": {
        "jq-bgslider": {
            "version": "2.1.0",
            "resolved": "https://registry.npmjs.org/jq-bgslider/-/jq-bgslider-2.1.0.tgz",
            "integrity": "sha512-K7ZpOH4q/idsz3XOvqsl7O74ODXsmJdaWAR3AV+WlUvBj0O5DYBT0U6QID8ujrYEf9MYTcuMQOUUiMn5G9KzgQ=="
        },
        "jquery": {
            "version": "3.4.1",
            "resolved": "https://registry.npmjs.org/jquery/-/jquery-3.4.1.tgz",
            "integrity": "sha512-36+AdBzCL+y6qjw5Tx7HgzeGCzC81MDDgaUP8ld2zhx58HdqXGoBd+tHdrBMiyjGQs0Hxs/MLZTu/eHNJJuWPw==",
            "dev": true
        }
    }
}
